# This file was autogenerated by Stack.
# You should not edit this file by hand.
# For more information, please see the documentation at:
#   https://docs.haskellstack.org/en/stable/topics/lock_files

packages:
- completed:
    hackage: base16-bytestring-1.0.0.0@sha256:1ea8ad312ecd773db3488f0810bc2a6182345558bc3be039bfe463d5defee540,2641
    pantry-tree:
      sha256: a24a70a2c79a19503894ee5a4778f184a8c2b9336ad6c376c15d066ae2e14bf3
      size: 595
  original:
    hackage: base16-bytestring-1.0.0.0@sha256:1ea8ad312ecd773db3488f0810bc2a6182345558bc3be039bfe463d5defee540,2641
- completed:
    hackage: crypton-0.34@sha256:9e4b50d79d1fba681befa08151db7223d2b4bb72564853e8530e614105d53a1a,14577
    pantry-tree:
      sha256: 85f438e6d328fc2e464c8914a08089ff312044b96ac155a25747512e440e0a12
      size: 23275
  original:
    hackage: crypton-0.34@sha256:9e4b50d79d1fba681befa08151db7223d2b4bb72564853e8530e614105d53a1a,14577
- completed:
    commit: cde88d0736a44163be70044a109798f578151db3
    git: https://github.com/chrisdone/yesod-lucid.git
    name: yesod-lucid
    pantry-tree:
      sha256: ac78649b71c7b3f37070f62658794342f4d1ef9fdbc5a3764e43e931f5a7a86c
      size: 361
    version: '0.1'
  original:
    commit: cde88d0736a44163be70044a109798f578151db3
    git: https://github.com/chrisdone/yesod-lucid.git
snapshots:
- completed:
    sha256: 428ec8d5ce932190d3cbe266b9eb3c175cd81e984babf876b64019e2cbe4ea68
    size: 590100
    url: https://raw.githubusercontent.com/commercialhaskell/stackage-snapshots/master/lts/18/28.yaml
  original: lts-18.28
