# This file was autogenerated by Stack.
# You should not edit this file by hand.
# For more information, please see the documentation at:
#   https://docs.haskellstack.org/en/stable/topics/lock_files

packages:
- completed:
    commit: cde88d0736a44163be70044a109798f578151db3
    git: https://github.com/chrisdone/yesod-lucid.git
    name: yesod-lucid
    pantry-tree:
      sha256: ac78649b71c7b3f37070f62658794342f4d1ef9fdbc5a3764e43e931f5a7a86c
      size: 361
    version: '0.1'
  original:
    commit: cde88d0736a44163be70044a109798f578151db3
    git: https://github.com/chrisdone/yesod-lucid.git
snapshots:
- completed:
    sha256: e805b257b40c90ebcf7c1c9bde1d62dc11a64b2900bd7c032f85649a61cf3d0c
    size: 690292
    url: https://raw.githubusercontent.com/commercialhaskell/stackage-snapshots/master/nightly/2025/8/28.yaml
  original: nightly-2025-08-28
