# This file was autogenerated by Stack.
# You should not edit this file by hand.
# For more information, please see the documentation at:
#   https://docs.haskellstack.org/en/stable/topics/lock_files

packages:
- completed:
    commit: cde88d0736a44163be70044a109798f578151db3
    git: https://github.com/chrisdone/yesod-lucid.git
    name: yesod-lucid
    pantry-tree:
      sha256: ac78649b71c7b3f37070f62658794342f4d1ef9fdbc5a3764e43e931f5a7a86c
      size: 361
    version: '0.1'
  original:
    commit: cde88d0736a44163be70044a109798f578151db3
    git: https://github.com/chrisdone/yesod-lucid.git
snapshots:
- completed:
    sha256: 0d0bb681dd5be9b930c8fc070d717aae757b9aed176ae6047d87624b46406816
    size: 726097
    url: https://raw.githubusercontent.com/commercialhaskell/stackage-snapshots/master/lts/24/12.yaml
  original: lts-24.12
